
Microsoft Visual Studio Solution File, Format Version 12.00
# Visual Studio 15
VisualStudioVersion = 15.0.27703.2047
MinimumVisualStudioVersion = 10.0.40219.1
Project("{FAE04EC0-301F-11D3-BF4B-00C04F79EFBC}") = "Samples.Android", "Samples.Android\Samples.Android.csproj", "{50C3B2DD-751D-445C-BA99-740B511BAE18}"
EndProject
Project("{FAE04EC0-301F-11D3-BF4B-00C04F79EFBC}") = "Samples.iOS", "Samples.iOS\Samples.iOS.csproj", "{C9D07C5C-4756-476F-AE7B-A08DC231068D}"
EndProject
Project("{FAE04EC0-301F-11D3-BF4B-00C04F79EFBC}") = "Samples.UWP", "Samples.UWP\Samples.UWP.csproj", "{FD99ACCC-D604-4D2F-8518-1080F3186133}"
EndProject
Project("{9A19103F-16F7-4668-BE54-9A1E7A4F7556}") = "Samples", "Samples\Samples.csproj", "{E99D1B97-A1FF-4065-920D-A4FDBF3E20AB}"
EndProject
Project("{2150E333-8FDC-42A3-9474-1A3956D46DE8}") = "Core", "Core", "{F72F3827-E7E1-49C9-93FE-38EB06C3D3BA}"
EndProject
Project("{9A19103F-16F7-4668-BE54-9A1E7A4F7556}") = "Xam.Plugin.AutoUpdate", "..\src\Xam.Plugin.AutoUpdate\Xam.Plugin.AutoUpdate.csproj", "{3E3EE834-2B29-4F21-9584-B46A0E922323}"
EndProject
Project("{FAE04EC0-301F-11D3-BF4B-00C04F79EFBC}") = "Xam.Plugin.AutoUpdate.Droid", "..\src\Xam.Plugin.AutoUpdate.Droid\Xam.Plugin.AutoUpdate.Droid.csproj", "{B4FFC9B1-919F-47DA-8029-813F52341383}"
EndProject
Project("{FAE04EC0-301F-11D3-BF4B-00C04F79EFBC}") = "Xam.Plugin.AutoUpdate.UWP", "..\src\Xam.Plugin.AutoUpdate.UWP\Xam.Plugin.AutoUpdate.UWP.csproj", "{F087EA68-59B4-4014-B725-A51382F025AE}"
EndProject
Global
	GlobalSection(SolutionConfigurationPlatforms) = preSolution
		Ad-Hoc|Any CPU = Ad-Hoc|Any CPU
		Ad-Hoc|ARM = Ad-Hoc|ARM
		Ad-Hoc|iPhone = Ad-Hoc|iPhone
		Ad-Hoc|iPhoneSimulator = Ad-Hoc|iPhoneSimulator
		Ad-Hoc|x64 = Ad-Hoc|x64
		Ad-Hoc|x86 = Ad-Hoc|x86
		AppStore|Any CPU = AppStore|Any CPU
		AppStore|ARM = AppStore|ARM
		AppStore|iPhone = AppStore|iPhone
		AppStore|iPhoneSimulator = AppStore|iPhoneSimulator
		AppStore|x64 = AppStore|x64
		AppStore|x86 = AppStore|x86
		Debug|Any CPU = Debug|Any CPU
		Debug|ARM = Debug|ARM
		Debug|iPhone = Debug|iPhone
		Debug|iPhoneSimulator = Debug|iPhoneSimulator
		Debug|x64 = Debug|x64
		Debug|x86 = Debug|x86
		Release|Any CPU = Release|Any CPU
		Release|ARM = Release|ARM
		Release|iPhone = Release|iPhone
		Release|iPhoneSimulator = Release|iPhoneSimulator
		Release|x64 = Release|x64
		Release|x86 = Release|x86
	EndGlobalSection
	GlobalSection(ProjectConfigurationPlatforms) = postSolution
		{50C3B2DD-751D-445C-BA99-740B511BAE18}.Ad-Hoc|Any CPU.ActiveCfg = Release|Any CPU
		{50C3B2DD-751D-445C-BA99-740B511BAE18}.Ad-Hoc|Any CPU.Build.0 = Release|Any CPU
		{50C3B2DD-751D-445C-BA99-740B511BAE18}.Ad-Hoc|Any CPU.Deploy.0 = Release|Any CPU
		{50C3B2DD-751D-445C-BA99-740B511BAE18}.Ad-Hoc|ARM.ActiveCfg = Release|Any CPU
		{50C3B2DD-751D-445C-BA99-740B511BAE18}.Ad-Hoc|ARM.Build.0 = Release|Any CPU
		{50C3B2DD-751D-445C-BA99-740B511BAE18}.Ad-Hoc|ARM.Deploy.0 = Release|Any CPU
		{50C3B2DD-751D-445C-BA99-740B511BAE18}.Ad-Hoc|iPhone.ActiveCfg = Release|Any CPU
		{50C3B2DD-751D-445C-BA99-740B511BAE18}.Ad-Hoc|iPhone.Build.0 = Release|Any CPU
		{50C3B2DD-751D-445C-BA99-740B511BAE18}.Ad-Hoc|iPhone.Deploy.0 = Release|Any CPU
		{50C3B2DD-751D-445C-BA99-740B511BAE18}.Ad-Hoc|iPhoneSimulator.ActiveCfg = Release|Any CPU
		{50C3B2DD-751D-445C-BA99-740B511BAE18}.Ad-Hoc|iPhoneSimulator.Build.0 = Release|Any CPU
		{50C3B2DD-751D-445C-BA99-740B511BAE18}.Ad-Hoc|iPhoneSimulator.Deploy.0 = Release|Any CPU
		{50C3B2DD-751D-445C-BA99-740B511BAE18}.Ad-Hoc|x64.ActiveCfg = Release|Any CPU
		{50C3B2DD-751D-445C-BA99-740B511BAE18}.Ad-Hoc|x64.Build.0 = Release|Any CPU
		{50C3B2DD-751D-445C-BA99-740B511BAE18}.Ad-Hoc|x64.Deploy.0 = Release|Any CPU
		{50C3B2DD-751D-445C-BA99-740B511BAE18}.Ad-Hoc|x86.ActiveCfg = Release|Any CPU
		{50C3B2DD-751D-445C-BA99-740B511BAE18}.Ad-Hoc|x86.Build.0 = Release|Any CPU
		{50C3B2DD-751D-445C-BA99-740B511BAE18}.Ad-Hoc|x86.Deploy.0 = Release|Any CPU
		{50C3B2DD-751D-445C-BA99-740B511BAE18}.AppStore|Any CPU.ActiveCfg = Release|Any CPU
		{50C3B2DD-751D-445C-BA99-740B511BAE18}.AppStore|Any CPU.Build.0 = Release|Any CPU
		{50C3B2DD-751D-445C-BA99-740B511BAE18}.AppStore|Any CPU.Deploy.0 = Release|Any CPU
		{50C3B2DD-751D-445C-BA99-740B511BAE18}.AppStore|ARM.ActiveCfg = Release|Any CPU
		{50C3B2DD-751D-445C-BA99-740B511BAE18}.AppStore|ARM.Build.0 = Release|Any CPU
		{50C3B2DD-751D-445C-BA99-740B511BAE18}.AppStore|ARM.Deploy.0 = Release|Any CPU
		{50C3B2DD-751D-445C-BA99-740B511BAE18}.AppStore|iPhone.ActiveCfg = Release|Any CPU
		{50C3B2DD-751D-445C-BA99-740B511BAE18}.AppStore|iPhone.Build.0 = Release|Any CPU
		{50C3B2DD-751D-445C-BA99-740B511BAE18}.AppStore|iPhone.Deploy.0 = Release|Any CPU
		{50C3B2DD-751D-445C-BA99-740B511BAE18}.AppStore|iPhoneSimulator.ActiveCfg = Release|Any CPU
		{50C3B2DD-751D-445C-BA99-740B511BAE18}.AppStore|iPhoneSimulator.Build.0 = Release|Any CPU
		{50C3B2DD-751D-445C-BA99-740B511BAE18}.AppStore|iPhoneSimulator.Deploy.0 = Release|Any CPU
		{50C3B2DD-751D-445C-BA99-740B511BAE18}.AppStore|x64.ActiveCfg = Release|Any CPU
		{50C3B2DD-751D-445C-BA99-740B511BAE18}.AppStore|x64.Build.0 = Release|Any CPU
		{50C3B2DD-751D-445C-BA99-740B511BAE18}.AppStore|x64.Deploy.0 = Release|Any CPU
		{50C3B2DD-751D-445C-BA99-740B511BAE18}.AppStore|x86.ActiveCfg = Release|Any CPU
		{50C3B2DD-751D-445C-BA99-740B511BAE18}.AppStore|x86.Build.0 = Release|Any CPU
		{50C3B2DD-751D-445C-BA99-740B511BAE18}.AppStore|x86.Deploy.0 = Release|Any CPU
		{50C3B2DD-751D-445C-BA99-740B511BAE18}.Debug|Any CPU.ActiveCfg = Debug|Any CPU
		{50C3B2DD-751D-445C-BA99-740B511BAE18}.Debug|Any CPU.Build.0 = Debug|Any CPU
		{50C3B2DD-751D-445C-BA99-740B511BAE18}.Debug|Any CPU.Deploy.0 = Debug|Any CPU
		{50C3B2DD-751D-445C-BA99-740B511BAE18}.Debug|ARM.ActiveCfg = Debug|Any CPU
		{50C3B2DD-751D-445C-BA99-740B511BAE18}.Debug|ARM.Build.0 = Debug|Any CPU
		{50C3B2DD-751D-445C-BA99-740B511BAE18}.Debug|ARM.Deploy.0 = Debug|Any CPU
		{50C3B2DD-751D-445C-BA99-740B511BAE18}.Debug|iPhone.ActiveCfg = Debug|Any CPU
		{50C3B2DD-751D-445C-BA99-740B511BAE18}.Debug|iPhone.Build.0 = Debug|Any CPU
		{50C3B2DD-751D-445C-BA99-740B511BAE18}.Debug|iPhone.Deploy.0 = Debug|Any CPU
		{50C3B2DD-751D-445C-BA99-740B511BAE18}.Debug|iPhoneSimulator.ActiveCfg = Debug|Any CPU
		{50C3B2DD-751D-445C-BA99-740B511BAE18}.Debug|iPhoneSimulator.Build.0 = Debug|Any CPU
		{50C3B2DD-751D-445C-BA99-740B511BAE18}.Debug|iPhoneSimulator.Deploy.0 = Debug|Any CPU
		{50C3B2DD-751D-445C-BA99-740B511BAE18}.Debug|x64.ActiveCfg = Debug|Any CPU
		{50C3B2DD-751D-445C-BA99-740B511BAE18}.Debug|x64.Build.0 = Debug|Any CPU
		{50C3B2DD-751D-445C-BA99-740B511BAE18}.Debug|x64.Deploy.0 = Debug|Any CPU
		{50C3B2DD-751D-445C-BA99-740B511BAE18}.Debug|x86.ActiveCfg = Debug|Any CPU
		{50C3B2DD-751D-445C-BA99-740B511BAE18}.Debug|x86.Build.0 = Debug|Any CPU
		{50C3B2DD-751D-445C-BA99-740B511BAE18}.Debug|x86.Deploy.0 = Debug|Any CPU
		{50C3B2DD-751D-445C-BA99-740B511BAE18}.Release|Any CPU.ActiveCfg = Release|Any CPU
		{50C3B2DD-751D-445C-BA99-740B511BAE18}.Release|Any CPU.Build.0 = Release|Any CPU
		{50C3B2DD-751D-445C-BA99-740B511BAE18}.Release|Any CPU.Deploy.0 = Release|Any CPU
		{50C3B2DD-751D-445C-BA99-740B511BAE18}.Release|ARM.ActiveCfg = Release|Any CPU
		{50C3B2DD-751D-445C-BA99-740B511BAE18}.Release|ARM.Build.0 = Release|Any CPU
		{50C3B2DD-751D-445C-BA99-740B511BAE18}.Release|ARM.Deploy.0 = Release|Any CPU
		{50C3B2DD-751D-445C-BA99-740B511BAE18}.Release|iPhone.ActiveCfg = Release|Any CPU
		{50C3B2DD-751D-445C-BA99-740B511BAE18}.Release|iPhone.Build.0 = Release|Any CPU
		{50C3B2DD-751D-445C-BA99-740B511BAE18}.Release|iPhone.Deploy.0 = Release|Any CPU
		{50C3B2DD-751D-445C-BA99-740B511BAE18}.Release|iPhoneSimulator.ActiveCfg = Release|Any CPU
		{50C3B2DD-751D-445C-BA99-740B511BAE18}.Release|iPhoneSimulator.Build.0 = Release|Any CPU
		{50C3B2DD-751D-445C-BA99-740B511BAE18}.Release|iPhoneSimulator.Deploy.0 = Release|Any CPU
		{50C3B2DD-751D-445C-BA99-740B511BAE18}.Release|x64.ActiveCfg = Release|Any CPU
		{50C3B2DD-751D-445C-BA99-740B511BAE18}.Release|x64.Build.0 = Release|Any CPU
		{50C3B2DD-751D-445C-BA99-740B511BAE18}.Release|x64.Deploy.0 = Release|Any CPU
		{50C3B2DD-751D-445C-BA99-740B511BAE18}.Release|x86.ActiveCfg = Release|Any CPU
		{50C3B2DD-751D-445C-BA99-740B511BAE18}.Release|x86.Build.0 = Release|Any CPU
		{50C3B2DD-751D-445C-BA99-740B511BAE18}.Release|x86.Deploy.0 = Release|Any CPU
		{C9D07C5C-4756-476F-AE7B-A08DC231068D}.Ad-Hoc|Any CPU.ActiveCfg = Ad-Hoc|iPhone
		{C9D07C5C-4756-476F-AE7B-A08DC231068D}.Ad-Hoc|Any CPU.Build.0 = Ad-Hoc|iPhone
		{C9D07C5C-4756-476F-AE7B-A08DC231068D}.Ad-Hoc|Any CPU.Deploy.0 = Ad-Hoc|iPhone
		{C9D07C5C-4756-476F-AE7B-A08DC231068D}.Ad-Hoc|ARM.ActiveCfg = Ad-Hoc|iPhone
		{C9D07C5C-4756-476F-AE7B-A08DC231068D}.Ad-Hoc|ARM.Build.0 = Ad-Hoc|iPhone
		{C9D07C5C-4756-476F-AE7B-A08DC231068D}.Ad-Hoc|ARM.Deploy.0 = Ad-Hoc|iPhone
		{C9D07C5C-4756-476F-AE7B-A08DC231068D}.Ad-Hoc|iPhone.ActiveCfg = Ad-Hoc|iPhone
		{C9D07C5C-4756-476F-AE7B-A08DC231068D}.Ad-Hoc|iPhone.Build.0 = Ad-Hoc|iPhone
		{C9D07C5C-4756-476F-AE7B-A08DC231068D}.Ad-Hoc|iPhone.Deploy.0 = Ad-Hoc|iPhone
		{C9D07C5C-4756-476F-AE7B-A08DC231068D}.Ad-Hoc|iPhoneSimulator.ActiveCfg = Ad-Hoc|iPhoneSimulator
		{C9D07C5C-4756-476F-AE7B-A08DC231068D}.Ad-Hoc|iPhoneSimulator.Build.0 = Ad-Hoc|iPhoneSimulator
		{C9D07C5C-4756-476F-AE7B-A08DC231068D}.Ad-Hoc|iPhoneSimulator.Deploy.0 = Ad-Hoc|iPhoneSimulator
		{C9D07C5C-4756-476F-AE7B-A08DC231068D}.Ad-Hoc|x64.ActiveCfg = Ad-Hoc|iPhone
		{C9D07C5C-4756-476F-AE7B-A08DC231068D}.Ad-Hoc|x64.Build.0 = Ad-Hoc|iPhone
		{C9D07C5C-4756-476F-AE7B-A08DC231068D}.Ad-Hoc|x64.Deploy.0 = Ad-Hoc|iPhone
		{C9D07C5C-4756-476F-AE7B-A08DC231068D}.Ad-Hoc|x86.ActiveCfg = Ad-Hoc|iPhone
		{C9D07C5C-4756-476F-AE7B-A08DC231068D}.Ad-Hoc|x86.Build.0 = Ad-Hoc|iPhone
		{C9D07C5C-4756-476F-AE7B-A08DC231068D}.Ad-Hoc|x86.Deploy.0 = Ad-Hoc|iPhone
		{C9D07C5C-4756-476F-AE7B-A08DC231068D}.AppStore|Any CPU.ActiveCfg = AppStore|iPhone
		{C9D07C5C-4756-476F-AE7B-A08DC231068D}.AppStore|Any CPU.Build.0 = AppStore|iPhone
		{C9D07C5C-4756-476F-AE7B-A08DC231068D}.AppStore|Any CPU.Deploy.0 = AppStore|iPhone
		{C9D07C5C-4756-476F-AE7B-A08DC231068D}.AppStore|ARM.ActiveCfg = AppStore|iPhone
		{C9D07C5C-4756-476F-AE7B-A08DC231068D}.AppStore|ARM.Build.0 = AppStore|iPhone
		{C9D07C5C-4756-476F-AE7B-A08DC231068D}.AppStore|ARM.Deploy.0 = AppStore|iPhone
		{C9D07C5C-4756-476F-AE7B-A08DC231068D}.AppStore|iPhone.ActiveCfg = AppStore|iPhone
		{C9D07C5C-4756-476F-AE7B-A08DC231068D}.AppStore|iPhone.Build.0 = AppStore|iPhone
		{C9D07C5C-4756-476F-AE7B-A08DC231068D}.AppStore|iPhone.Deploy.0 = AppStore|iPhone
		{C9D07C5C-4756-476F-AE7B-A08DC231068D}.AppStore|iPhoneSimulator.ActiveCfg = AppStore|iPhoneSimulator
		{C9D07C5C-4756-476F-AE7B-A08DC231068D}.AppStore|iPhoneSimulator.Build.0 = AppStore|iPhoneSimulator
		{C9D07C5C-4756-476F-AE7B-A08DC231068D}.AppStore|iPhoneSimulator.Deploy.0 = AppStore|iPhoneSimulator
		{C9D07C5C-4756-476F-AE7B-A08DC231068D}.AppStore|x64.ActiveCfg = AppStore|iPhone
		{C9D07C5C-4756-476F-AE7B-A08DC231068D}.AppStore|x64.Build.0 = AppStore|iPhone
		{C9D07C5C-4756-476F-AE7B-A08DC231068D}.AppStore|x64.Deploy.0 = AppStore|iPhone
		{C9D07C5C-4756-476F-AE7B-A08DC231068D}.AppStore|x86.ActiveCfg = AppStore|iPhone
		{C9D07C5C-4756-476F-AE7B-A08DC231068D}.AppStore|x86.Build.0 = AppStore|iPhone
		{C9D07C5C-4756-476F-AE7B-A08DC231068D}.AppStore|x86.Deploy.0 = AppStore|iPhone
		{C9D07C5C-4756-476F-AE7B-A08DC231068D}.Debug|Any CPU.ActiveCfg = Debug|iPhoneSimulator
		{C9D07C5C-4756-476F-AE7B-A08DC231068D}.Debug|Any CPU.Build.0 = Debug|iPhoneSimulator
		{C9D07C5C-4756-476F-AE7B-A08DC231068D}.Debug|Any CPU.Deploy.0 = Debug|iPhoneSimulator
		{C9D07C5C-4756-476F-AE7B-A08DC231068D}.Debug|ARM.ActiveCfg = Debug|iPhone
		{C9D07C5C-4756-476F-AE7B-A08DC231068D}.Debug|ARM.Build.0 = Debug|iPhone
		{C9D07C5C-4756-476F-AE7B-A08DC231068D}.Debug|ARM.Deploy.0 = Debug|iPhone
		{C9D07C5C-4756-476F-AE7B-A08DC231068D}.Debug|iPhone.ActiveCfg = Debug|iPhone
		{C9D07C5C-4756-476F-AE7B-A08DC231068D}.Debug|iPhone.Build.0 = Debug|iPhone
		{C9D07C5C-4756-476F-AE7B-A08DC231068D}.Debug|iPhone.Deploy.0 = Debug|iPhone
		{C9D07C5C-4756-476F-AE7B-A08DC231068D}.Debug|iPhoneSimulator.ActiveCfg = Debug|iPhoneSimulator
		{C9D07C5C-4756-476F-AE7B-A08DC231068D}.Debug|iPhoneSimulator.Build.0 = Debug|iPhoneSimulator
		{C9D07C5C-4756-476F-AE7B-A08DC231068D}.Debug|iPhoneSimulator.Deploy.0 = Debug|iPhoneSimulator
		{C9D07C5C-4756-476F-AE7B-A08DC231068D}.Debug|x64.ActiveCfg = Debug|iPhone
		{C9D07C5C-4756-476F-AE7B-A08DC231068D}.Debug|x64.Build.0 = Debug|iPhone
		{C9D07C5C-4756-476F-AE7B-A08DC231068D}.Debug|x64.Deploy.0 = Debug|iPhone
		{C9D07C5C-4756-476F-AE7B-A08DC231068D}.Debug|x86.ActiveCfg = Debug|iPhone
		{C9D07C5C-4756-476F-AE7B-A08DC231068D}.Debug|x86.Build.0 = Debug|iPhone
		{C9D07C5C-4756-476F-AE7B-A08DC231068D}.Debug|x86.Deploy.0 = Debug|iPhone
		{C9D07C5C-4756-476F-AE7B-A08DC231068D}.Release|Any CPU.ActiveCfg = Release|iPhone
		{C9D07C5C-4756-476F-AE7B-A08DC231068D}.Release|Any CPU.Build.0 = Release|iPhone
		{C9D07C5C-4756-476F-AE7B-A08DC231068D}.Release|Any CPU.Deploy.0 = Release|iPhone
		{C9D07C5C-4756-476F-AE7B-A08DC231068D}.Release|ARM.ActiveCfg = Release|iPhone
		{C9D07C5C-4756-476F-AE7B-A08DC231068D}.Release|ARM.Build.0 = Release|iPhone
		{C9D07C5C-4756-476F-AE7B-A08DC231068D}.Release|ARM.Deploy.0 = Release|iPhone
		{C9D07C5C-4756-476F-AE7B-A08DC231068D}.Release|iPhone.ActiveCfg = Release|iPhone
		{C9D07C5C-4756-476F-AE7B-A08DC231068D}.Release|iPhone.Build.0 = Release|iPhone
		{C9D07C5C-4756-476F-AE7B-A08DC231068D}.Release|iPhone.Deploy.0 = Release|iPhone
		{C9D07C5C-4756-476F-AE7B-A08DC231068D}.Release|iPhoneSimulator.ActiveCfg = Release|iPhoneSimulator
		{C9D07C5C-4756-476F-AE7B-A08DC231068D}.Release|iPhoneSimulator.Build.0 = Release|iPhoneSimulator
		{C9D07C5C-4756-476F-AE7B-A08DC231068D}.Release|iPhoneSimulator.Deploy.0 = Release|iPhoneSimulator
		{C9D07C5C-4756-476F-AE7B-A08DC231068D}.Release|x64.ActiveCfg = Release|iPhone
		{C9D07C5C-4756-476F-AE7B-A08DC231068D}.Release|x64.Build.0 = Release|iPhone
		{C9D07C5C-4756-476F-AE7B-A08DC231068D}.Release|x64.Deploy.0 = Release|iPhone
		{C9D07C5C-4756-476F-AE7B-A08DC231068D}.Release|x86.ActiveCfg = Release|iPhone
		{C9D07C5C-4756-476F-AE7B-A08DC231068D}.Release|x86.Build.0 = Release|iPhone
		{C9D07C5C-4756-476F-AE7B-A08DC231068D}.Release|x86.Deploy.0 = Release|iPhone
		{FD99ACCC-D604-4D2F-8518-1080F3186133}.Ad-Hoc|Any CPU.ActiveCfg = Release|x86
		{FD99ACCC-D604-4D2F-8518-1080F3186133}.Ad-Hoc|Any CPU.Build.0 = Release|x86
		{FD99ACCC-D604-4D2F-8518-1080F3186133}.Ad-Hoc|Any CPU.Deploy.0 = Release|x86
		{FD99ACCC-D604-4D2F-8518-1080F3186133}.Ad-Hoc|ARM.ActiveCfg = Release|ARM
		{FD99ACCC-D604-4D2F-8518-1080F3186133}.Ad-Hoc|ARM.Build.0 = Release|ARM
		{FD99ACCC-D604-4D2F-8518-1080F3186133}.Ad-Hoc|ARM.Deploy.0 = Release|ARM
		{FD99ACCC-D604-4D2F-8518-1080F3186133}.Ad-Hoc|iPhone.ActiveCfg = Release|x86
		{FD99ACCC-D604-4D2F-8518-1080F3186133}.Ad-Hoc|iPhone.Build.0 = Release|x86
		{FD99ACCC-D604-4D2F-8518-1080F3186133}.Ad-Hoc|iPhone.Deploy.0 = Release|x86
		{FD99ACCC-D604-4D2F-8518-1080F3186133}.Ad-Hoc|iPhoneSimulator.ActiveCfg = Release|x86
		{FD99ACCC-D604-4D2F-8518-1080F3186133}.Ad-Hoc|iPhoneSimulator.Build.0 = Release|x86
		{FD99ACCC-D604-4D2F-8518-1080F3186133}.Ad-Hoc|iPhoneSimulator.Deploy.0 = Release|x86
		{FD99ACCC-D604-4D2F-8518-1080F3186133}.Ad-Hoc|x64.ActiveCfg = Release|x64
		{FD99ACCC-D604-4D2F-8518-1080F3186133}.Ad-Hoc|x64.Build.0 = Release|x64
		{FD99ACCC-D604-4D2F-8518-1080F3186133}.Ad-Hoc|x64.Deploy.0 = Release|x64
		{FD99ACCC-D604-4D2F-8518-1080F3186133}.Ad-Hoc|x86.ActiveCfg = Release|x86
		{FD99ACCC-D604-4D2F-8518-1080F3186133}.Ad-Hoc|x86.Build.0 = Release|x86
		{FD99ACCC-D604-4D2F-8518-1080F3186133}.Ad-Hoc|x86.Deploy.0 = Release|x86
		{FD99ACCC-D604-4D2F-8518-1080F3186133}.AppStore|Any CPU.ActiveCfg = Release|x86
		{FD99ACCC-D604-4D2F-8518-1080F3186133}.AppStore|Any CPU.Build.0 = Release|x86
		{FD99ACCC-D604-4D2F-8518-1080F3186133}.AppStore|Any CPU.Deploy.0 = Release|x86
		{FD99ACCC-D604-4D2F-8518-1080F3186133}.AppStore|ARM.ActiveCfg = Release|ARM
		{FD99ACCC-D604-4D2F-8518-1080F3186133}.AppStore|ARM.Build.0 = Release|ARM
		{FD99ACCC-D604-4D2F-8518-1080F3186133}.AppStore|ARM.Deploy.0 = Release|ARM
		{FD99ACCC-D604-4D2F-8518-1080F3186133}.AppStore|iPhone.ActiveCfg = Release|x86
		{FD99ACCC-D604-4D2F-8518-1080F3186133}.AppStore|iPhone.Build.0 = Release|x86
		{FD99ACCC-D604-4D2F-8518-1080F3186133}.AppStore|iPhone.Deploy.0 = Release|x86
		{FD99ACCC-D604-4D2F-8518-1080F3186133}.AppStore|iPhoneSimulator.ActiveCfg = Release|x86
		{FD99ACCC-D604-4D2F-8518-1080F3186133}.AppStore|iPhoneSimulator.Build.0 = Release|x86
		{FD99ACCC-D604-4D2F-8518-1080F3186133}.AppStore|iPhoneSimulator.Deploy.0 = Release|x86
		{FD99ACCC-D604-4D2F-8518-1080F3186133}.AppStore|x64.ActiveCfg = Release|x64
		{FD99ACCC-D604-4D2F-8518-1080F3186133}.AppStore|x64.Build.0 = Release|x64
		{FD99ACCC-D604-4D2F-8518-1080F3186133}.AppStore|x64.Deploy.0 = Release|x64
		{FD99ACCC-D604-4D2F-8518-1080F3186133}.AppStore|x86.ActiveCfg = Release|x86
		{FD99ACCC-D604-4D2F-8518-1080F3186133}.AppStore|x86.Build.0 = Release|x86
		{FD99ACCC-D604-4D2F-8518-1080F3186133}.AppStore|x86.Deploy.0 = Release|x86
		{FD99ACCC-D604-4D2F-8518-1080F3186133}.Debug|Any CPU.ActiveCfg = Debug|x86
		{FD99ACCC-D604-4D2F-8518-1080F3186133}.Debug|Any CPU.Build.0 = Debug|x86
		{FD99ACCC-D604-4D2F-8518-1080F3186133}.Debug|Any CPU.Deploy.0 = Debug|x86
		{FD99ACCC-D604-4D2F-8518-1080F3186133}.Debug|ARM.ActiveCfg = Debug|ARM
		{FD99ACCC-D604-4D2F-8518-1080F3186133}.Debug|ARM.Build.0 = Debug|ARM
		{FD99ACCC-D604-4D2F-8518-1080F3186133}.Debug|ARM.Deploy.0 = Debug|ARM
		{FD99ACCC-D604-4D2F-8518-1080F3186133}.Debug|iPhone.ActiveCfg = Debug|x86
		{FD99ACCC-D604-4D2F-8518-1080F3186133}.Debug|iPhone.Build.0 = Debug|x86
		{FD99ACCC-D604-4D2F-8518-1080F3186133}.Debug|iPhone.Deploy.0 = Debug|x86
		{FD99ACCC-D604-4D2F-8518-1080F3186133}.Debug|iPhoneSimulator.ActiveCfg = Debug|x86
		{FD99ACCC-D604-4D2F-8518-1080F3186133}.Debug|iPhoneSimulator.Build.0 = Debug|x86
		{FD99ACCC-D604-4D2F-8518-1080F3186133}.Debug|iPhoneSimulator.Deploy.0 = Debug|x86
		{FD99ACCC-D604-4D2F-8518-1080F3186133}.Debug|x64.ActiveCfg = Debug|x64
		{FD99ACCC-D604-4D2F-8518-1080F3186133}.Debug|x64.Build.0 = Debug|x64
		{FD99ACCC-D604-4D2F-8518-1080F3186133}.Debug|x64.Deploy.0 = Debug|x64
		{FD99ACCC-D604-4D2F-8518-1080F3186133}.Debug|x86.ActiveCfg = Debug|x86
		{FD99ACCC-D604-4D2F-8518-1080F3186133}.Debug|x86.Build.0 = Debug|x86
		{FD99ACCC-D604-4D2F-8518-1080F3186133}.Debug|x86.Deploy.0 = Debug|x86
		{FD99ACCC-D604-4D2F-8518-1080F3186133}.Release|Any CPU.ActiveCfg = Release|x86
		{FD99ACCC-D604-4D2F-8518-1080F3186133}.Release|Any CPU.Build.0 = Release|x86
		{FD99ACCC-D604-4D2F-8518-1080F3186133}.Release|Any CPU.Deploy.0 = Release|x86
		{FD99ACCC-D604-4D2F-8518-1080F3186133}.Release|ARM.ActiveCfg = Release|ARM
		{FD99ACCC-D604-4D2F-8518-1080F3186133}.Release|ARM.Build.0 = Release|ARM
		{FD99ACCC-D604-4D2F-8518-1080F3186133}.Release|ARM.Deploy.0 = Release|ARM
		{FD99ACCC-D604-4D2F-8518-1080F3186133}.Release|iPhone.ActiveCfg = Release|x86
		{FD99ACCC-D604-4D2F-8518-1080F3186133}.Release|iPhone.Build.0 = Release|x86
		{FD99ACCC-D604-4D2F-8518-1080F3186133}.Release|iPhone.Deploy.0 = Release|x86
		{FD99ACCC-D604-4D2F-8518-1080F3186133}.Release|iPhoneSimulator.ActiveCfg = Release|x86
		{FD99ACCC-D604-4D2F-8518-1080F3186133}.Release|iPhoneSimulator.Build.0 = Release|x86
		{FD99ACCC-D604-4D2F-8518-1080F3186133}.Release|iPhoneSimulator.Deploy.0 = Release|x86
		{FD99ACCC-D604-4D2F-8518-1080F3186133}.Release|x64.ActiveCfg = Release|x64
		{FD99ACCC-D604-4D2F-8518-1080F3186133}.Release|x64.Build.0 = Release|x64
		{FD99ACCC-D604-4D2F-8518-1080F3186133}.Release|x64.Deploy.0 = Release|x64
		{FD99ACCC-D604-4D2F-8518-1080F3186133}.Release|x86.ActiveCfg = Release|x86
		{FD99ACCC-D604-4D2F-8518-1080F3186133}.Release|x86.Build.0 = Release|x86
		{FD99ACCC-D604-4D2F-8518-1080F3186133}.Release|x86.Deploy.0 = Release|x86
		{E99D1B97-A1FF-4065-920D-A4FDBF3E20AB}.Ad-Hoc|Any CPU.ActiveCfg = Debug|Any CPU
		{E99D1B97-A1FF-4065-920D-A4FDBF3E20AB}.Ad-Hoc|Any CPU.Build.0 = Debug|Any CPU
		{E99D1B97-A1FF-4065-920D-A4FDBF3E20AB}.Ad-Hoc|Any CPU.Deploy.0 = Debug|Any CPU
		{E99D1B97-A1FF-4065-920D-A4FDBF3E20AB}.Ad-Hoc|ARM.ActiveCfg = Debug|Any CPU
		{E99D1B97-A1FF-4065-920D-A4FDBF3E20AB}.Ad-Hoc|ARM.Build.0 = Debug|Any CPU
		{E99D1B97-A1FF-4065-920D-A4FDBF3E20AB}.Ad-Hoc|ARM.Deploy.0 = Debug|Any CPU
		{E99D1B97-A1FF-4065-920D-A4FDBF3E20AB}.Ad-Hoc|iPhone.ActiveCfg = Debug|Any CPU
		{E99D1B97-A1FF-4065-920D-A4FDBF3E20AB}.Ad-Hoc|iPhone.Build.0 = Debug|Any CPU
		{E99D1B97-A1FF-4065-920D-A4FDBF3E20AB}.Ad-Hoc|iPhone.Deploy.0 = Debug|Any CPU
		{E99D1B97-A1FF-4065-920D-A4FDBF3E20AB}.Ad-Hoc|iPhoneSimulator.ActiveCfg = Debug|Any CPU
		{E99D1B97-A1FF-4065-920D-A4FDBF3E20AB}.Ad-Hoc|iPhoneSimulator.Build.0 = Debug|Any CPU
		{E99D1B97-A1FF-4065-920D-A4FDBF3E20AB}.Ad-Hoc|iPhoneSimulator.Deploy.0 = Debug|Any CPU
		{E99D1B97-A1FF-4065-920D-A4FDBF3E20AB}.Ad-Hoc|x64.ActiveCfg = Debug|Any CPU
		{E99D1B97-A1FF-4065-920D-A4FDBF3E20AB}.Ad-Hoc|x64.Build.0 = Debug|Any CPU
		{E99D1B97-A1FF-4065-920D-A4FDBF3E20AB}.Ad-Hoc|x64.Deploy.0 = Debug|Any CPU
		{E99D1B97-A1FF-4065-920D-A4FDBF3E20AB}.Ad-Hoc|x86.ActiveCfg = Debug|Any CPU
		{E99D1B97-A1FF-4065-920D-A4FDBF3E20AB}.Ad-Hoc|x86.Build.0 = Debug|Any CPU
		{E99D1B97-A1FF-4065-920D-A4FDBF3E20AB}.Ad-Hoc|x86.Deploy.0 = Debug|Any CPU
		{E99D1B97-A1FF-4065-920D-A4FDBF3E20AB}.AppStore|Any CPU.ActiveCfg = Debug|Any CPU
		{E99D1B97-A1FF-4065-920D-A4FDBF3E20AB}.AppStore|Any CPU.Build.0 = Debug|Any CPU
		{E99D1B97-A1FF-4065-920D-A4FDBF3E20AB}.AppStore|Any CPU.Deploy.0 = Debug|Any CPU
		{E99D1B97-A1FF-4065-920D-A4FDBF3E20AB}.AppStore|ARM.ActiveCfg = Debug|Any CPU
		{E99D1B97-A1FF-4065-920D-A4FDBF3E20AB}.AppStore|ARM.Build.0 = Debug|Any CPU
		{E99D1B97-A1FF-4065-920D-A4FDBF3E20AB}.AppStore|ARM.Deploy.0 = Debug|Any CPU
		{E99D1B97-A1FF-4065-920D-A4FDBF3E20AB}.AppStore|iPhone.ActiveCfg = Debug|Any CPU
		{E99D1B97-A1FF-4065-920D-A4FDBF3E20AB}.AppStore|iPhone.Build.0 = Debug|Any CPU
		{E99D1B97-A1FF-4065-920D-A4FDBF3E20AB}.AppStore|iPhone.Deploy.0 = Debug|Any CPU
		{E99D1B97-A1FF-4065-920D-A4FDBF3E20AB}.AppStore|iPhoneSimulator.ActiveCfg = Debug|Any CPU
		{E99D1B97-A1FF-4065-920D-A4FDBF3E20AB}.AppStore|iPhoneSimulator.Build.0 = Debug|Any CPU
		{E99D1B97-A1FF-4065-920D-A4FDBF3E20AB}.AppStore|iPhoneSimulator.Deploy.0 = Debug|Any CPU
		{E99D1B97-A1FF-4065-920D-A4FDBF3E20AB}.AppStore|x64.ActiveCfg = Debug|Any CPU
		{E99D1B97-A1FF-4065-920D-A4FDBF3E20AB}.AppStore|x64.Build.0 = Debug|Any CPU
		{E99D1B97-A1FF-4065-920D-A4FDBF3E20AB}.AppStore|x64.Deploy.0 = Debug|Any CPU
		{E99D1B97-A1FF-4065-920D-A4FDBF3E20AB}.AppStore|x86.ActiveCfg = Debug|Any CPU
		{E99D1B97-A1FF-4065-920D-A4FDBF3E20AB}.AppStore|x86.Build.0 = Debug|Any CPU
		{E99D1B97-A1FF-4065-920D-A4FDBF3E20AB}.AppStore|x86.Deploy.0 = Debug|Any CPU
		{E99D1B97-A1FF-4065-920D-A4FDBF3E20AB}.Debug|Any CPU.ActiveCfg = Debug|Any CPU
		{E99D1B97-A1FF-4065-920D-A4FDBF3E20AB}.Debug|Any CPU.Build.0 = Debug|Any CPU
		{E99D1B97-A1FF-4065-920D-A4FDBF3E20AB}.Debug|Any CPU.Deploy.0 = Debug|Any CPU
		{E99D1B97-A1FF-4065-920D-A4FDBF3E20AB}.Debug|ARM.ActiveCfg = Debug|Any CPU
		{E99D1B97-A1FF-4065-920D-A4FDBF3E20AB}.Debug|ARM.Build.0 = Debug|Any CPU
		{E99D1B97-A1FF-4065-920D-A4FDBF3E20AB}.Debug|ARM.Deploy.0 = Debug|Any CPU
		{E99D1B97-A1FF-4065-920D-A4FDBF3E20AB}.Debug|iPhone.ActiveCfg = Debug|Any CPU
		{E99D1B97-A1FF-4065-920D-A4FDBF3E20AB}.Debug|iPhone.Build.0 = Debug|Any CPU
		{E99D1B97-A1FF-4065-920D-A4FDBF3E20AB}.Debug|iPhone.Deploy.0 = Debug|Any CPU
		{E99D1B97-A1FF-4065-920D-A4FDBF3E20AB}.Debug|iPhoneSimulator.ActiveCfg = Debug|Any CPU
		{E99D1B97-A1FF-4065-920D-A4FDBF3E20AB}.Debug|iPhoneSimulator.Build.0 = Debug|Any CPU
		{E99D1B97-A1FF-4065-920D-A4FDBF3E20AB}.Debug|iPhoneSimulator.Deploy.0 = Debug|Any CPU
		{E99D1B97-A1FF-4065-920D-A4FDBF3E20AB}.Debug|x64.ActiveCfg = Debug|Any CPU
		{E99D1B97-A1FF-4065-920D-A4FDBF3E20AB}.Debug|x64.Build.0 = Debug|Any CPU
		{E99D1B97-A1FF-4065-920D-A4FDBF3E20AB}.Debug|x64.Deploy.0 = Debug|Any CPU
		{E99D1B97-A1FF-4065-920D-A4FDBF3E20AB}.Debug|x86.ActiveCfg = Debug|Any CPU
		{E99D1B97-A1FF-4065-920D-A4FDBF3E20AB}.Debug|x86.Build.0 = Debug|Any CPU
		{E99D1B97-A1FF-4065-920D-A4FDBF3E20AB}.Debug|x86.Deploy.0 = Debug|Any CPU
		{E99D1B97-A1FF-4065-920D-A4FDBF3E20AB}.Release|Any CPU.ActiveCfg = Release|Any CPU
		{E99D1B97-A1FF-4065-920D-A4FDBF3E20AB}.Release|Any CPU.Build.0 = Release|Any CPU
		{E99D1B97-A1FF-4065-920D-A4FDBF3E20AB}.Release|Any CPU.Deploy.0 = Release|Any CPU
		{E99D1B97-A1FF-4065-920D-A4FDBF3E20AB}.Release|ARM.ActiveCfg = Release|Any CPU
		{E99D1B97-A1FF-4065-920D-A4FDBF3E20AB}.Release|ARM.Build.0 = Release|Any CPU
		{E99D1B97-A1FF-4065-920D-A4FDBF3E20AB}.Release|ARM.Deploy.0 = Release|Any CPU
		{E99D1B97-A1FF-4065-920D-A4FDBF3E20AB}.Release|iPhone.ActiveCfg = Release|Any CPU
		{E99D1B97-A1FF-4065-920D-A4FDBF3E20AB}.Release|iPhone.Build.0 = Release|Any CPU
		{E99D1B97-A1FF-4065-920D-A4FDBF3E20AB}.Release|iPhone.Deploy.0 = Release|Any CPU
		{E99D1B97-A1FF-4065-920D-A4FDBF3E20AB}.Release|iPhoneSimulator.ActiveCfg = Release|Any CPU
		{E99D1B97-A1FF-4065-920D-A4FDBF3E20AB}.Release|iPhoneSimulator.Build.0 = Release|Any CPU
		{E99D1B97-A1FF-4065-920D-A4FDBF3E20AB}.Release|iPhoneSimulator.Deploy.0 = Release|Any CPU
		{E99D1B97-A1FF-4065-920D-A4FDBF3E20AB}.Release|x64.ActiveCfg = Release|Any CPU
		{E99D1B97-A1FF-4065-920D-A4FDBF3E20AB}.Release|x64.Build.0 = Release|Any CPU
		{E99D1B97-A1FF-4065-920D-A4FDBF3E20AB}.Release|x64.Deploy.0 = Release|Any CPU
		{E99D1B97-A1FF-4065-920D-A4FDBF3E20AB}.Release|x86.ActiveCfg = Release|Any CPU
		{E99D1B97-A1FF-4065-920D-A4FDBF3E20AB}.Release|x86.Build.0 = Release|Any CPU
		{E99D1B97-A1FF-4065-920D-A4FDBF3E20AB}.Release|x86.Deploy.0 = Release|Any CPU
		{3E3EE834-2B29-4F21-9584-B46A0E922323}.Ad-Hoc|Any CPU.ActiveCfg = Debug|Any CPU
		{3E3EE834-2B29-4F21-9584-B46A0E922323}.Ad-Hoc|Any CPU.Build.0 = Debug|Any CPU
		{3E3EE834-2B29-4F21-9584-B46A0E922323}.Ad-Hoc|ARM.ActiveCfg = Debug|Any CPU
		{3E3EE834-2B29-4F21-9584-B46A0E922323}.Ad-Hoc|ARM.Build.0 = Debug|Any CPU
		{3E3EE834-2B29-4F21-9584-B46A0E922323}.Ad-Hoc|iPhone.ActiveCfg = Debug|Any CPU
		{3E3EE834-2B29-4F21-9584-B46A0E922323}.Ad-Hoc|iPhone.Build.0 = Debug|Any CPU
		{3E3EE834-2B29-4F21-9584-B46A0E922323}.Ad-Hoc|iPhoneSimulator.ActiveCfg = Debug|Any CPU
		{3E3EE834-2B29-4F21-9584-B46A0E922323}.Ad-Hoc|iPhoneSimulator.Build.0 = Debug|Any CPU
		{3E3EE834-2B29-4F21-9584-B46A0E922323}.Ad-Hoc|x64.ActiveCfg = Debug|Any CPU
		{3E3EE834-2B29-4F21-9584-B46A0E922323}.Ad-Hoc|x64.Build.0 = Debug|Any CPU
		{3E3EE834-2B29-4F21-9584-B46A0E922323}.Ad-Hoc|x86.ActiveCfg = Debug|Any CPU
		{3E3EE834-2B29-4F21-9584-B46A0E922323}.Ad-Hoc|x86.Build.0 = Debug|Any CPU
		{3E3EE834-2B29-4F21-9584-B46A0E922323}.AppStore|Any CPU.ActiveCfg = Debug|Any CPU
		{3E3EE834-2B29-4F21-9584-B46A0E922323}.AppStore|Any CPU.Build.0 = Debug|Any CPU
		{3E3EE834-2B29-4F21-9584-B46A0E922323}.AppStore|ARM.ActiveCfg = Debug|Any CPU
		{3E3EE834-2B29-4F21-9584-B46A0E922323}.AppStore|ARM.Build.0 = Debug|Any CPU
		{3E3EE834-2B29-4F21-9584-B46A0E922323}.AppStore|iPhone.ActiveCfg = Debug|Any CPU
		{3E3EE834-2B29-4F21-9584-B46A0E922323}.AppStore|iPhone.Build.0 = Debug|Any CPU
		{3E3EE834-2B29-4F21-9584-B46A0E922323}.AppStore|iPhoneSimulator.ActiveCfg = Debug|Any CPU
		{3E3EE834-2B29-4F21-9584-B46A0E922323}.AppStore|iPhoneSimulator.Build.0 = Debug|Any CPU
		{3E3EE834-2B29-4F21-9584-B46A0E922323}.AppStore|x64.ActiveCfg = Debug|Any CPU
		{3E3EE834-2B29-4F21-9584-B46A0E922323}.AppStore|x64.Build.0 = Debug|Any CPU
		{3E3EE834-2B29-4F21-9584-B46A0E922323}.AppStore|x86.ActiveCfg = Debug|Any CPU
		{3E3EE834-2B29-4F21-9584-B46A0E922323}.AppStore|x86.Build.0 = Debug|Any CPU
		{3E3EE834-2B29-4F21-9584-B46A0E922323}.Debug|Any CPU.ActiveCfg = Debug|Any CPU
		{3E3EE834-2B29-4F21-9584-B46A0E922323}.Debug|Any CPU.Build.0 = Debug|Any CPU
		{3E3EE834-2B29-4F21-9584-B46A0E922323}.Debug|ARM.ActiveCfg = Debug|Any CPU
		{3E3EE834-2B29-4F21-9584-B46A0E922323}.Debug|ARM.Build.0 = Debug|Any CPU
		{3E3EE834-2B29-4F21-9584-B46A0E922323}.Debug|iPhone.ActiveCfg = Debug|Any CPU
		{3E3EE834-2B29-4F21-9584-B46A0E922323}.Debug|iPhone.Build.0 = Debug|Any CPU
		{3E3EE834-2B29-4F21-9584-B46A0E922323}.Debug|iPhoneSimulator.ActiveCfg = Debug|Any CPU
		{3E3EE834-2B29-4F21-9584-B46A0E922323}.Debug|iPhoneSimulator.Build.0 = Debug|Any CPU
		{3E3EE834-2B29-4F21-9584-B46A0E922323}.Debug|x64.ActiveCfg = Debug|Any CPU
		{3E3EE834-2B29-4F21-9584-B46A0E922323}.Debug|x64.Build.0 = Debug|Any CPU
		{3E3EE834-2B29-4F21-9584-B46A0E922323}.Debug|x86.ActiveCfg = Debug|Any CPU
		{3E3EE834-2B29-4F21-9584-B46A0E922323}.Debug|x86.Build.0 = Debug|Any CPU
		{3E3EE834-2B29-4F21-9584-B46A0E922323}.Release|Any CPU.ActiveCfg = Release|Any CPU
		{3E3EE834-2B29-4F21-9584-B46A0E922323}.Release|Any CPU.Build.0 = Release|Any CPU
		{3E3EE834-2B29-4F21-9584-B46A0E922323}.Release|ARM.ActiveCfg = Release|Any CPU
		{3E3EE834-2B29-4F21-9584-B46A0E922323}.Release|ARM.Build.0 = Release|Any CPU
		{3E3EE834-2B29-4F21-9584-B46A0E922323}.Release|iPhone.ActiveCfg = Release|Any CPU
		{3E3EE834-2B29-4F21-9584-B46A0E922323}.Release|iPhone.Build.0 = Release|Any CPU
		{3E3EE834-2B29-4F21-9584-B46A0E922323}.Release|iPhoneSimulator.ActiveCfg = Release|Any CPU
		{3E3EE834-2B29-4F21-9584-B46A0E922323}.Release|iPhoneSimulator.Build.0 = Release|Any CPU
		{3E3EE834-2B29-4F21-9584-B46A0E922323}.Release|x64.ActiveCfg = Release|Any CPU
		{3E3EE834-2B29-4F21-9584-B46A0E922323}.Release|x64.Build.0 = Release|Any CPU
		{3E3EE834-2B29-4F21-9584-B46A0E922323}.Release|x86.ActiveCfg = Release|Any CPU
		{3E3EE834-2B29-4F21-9584-B46A0E922323}.Release|x86.Build.0 = Release|Any CPU
		{B4FFC9B1-919F-47DA-8029-813F52341383}.Ad-Hoc|Any CPU.ActiveCfg = Release|Any CPU
		{B4FFC9B1-919F-47DA-8029-813F52341383}.Ad-Hoc|Any CPU.Build.0 = Release|Any CPU
		{B4FFC9B1-919F-47DA-8029-813F52341383}.Ad-Hoc|ARM.ActiveCfg = Release|Any CPU
		{B4FFC9B1-919F-47DA-8029-813F52341383}.Ad-Hoc|ARM.Build.0 = Release|Any CPU
		{B4FFC9B1-919F-47DA-8029-813F52341383}.Ad-Hoc|iPhone.ActiveCfg = Release|Any CPU
		{B4FFC9B1-919F-47DA-8029-813F52341383}.Ad-Hoc|iPhone.Build.0 = Release|Any CPU
		{B4FFC9B1-919F-47DA-8029-813F52341383}.Ad-Hoc|iPhoneSimulator.ActiveCfg = Release|Any CPU
		{B4FFC9B1-919F-47DA-8029-813F52341383}.Ad-Hoc|iPhoneSimulator.Build.0 = Release|Any CPU
		{B4FFC9B1-919F-47DA-8029-813F52341383}.Ad-Hoc|x64.ActiveCfg = Release|Any CPU
		{B4FFC9B1-919F-47DA-8029-813F52341383}.Ad-Hoc|x64.Build.0 = Release|Any CPU
		{B4FFC9B1-919F-47DA-8029-813F52341383}.Ad-Hoc|x86.ActiveCfg = Release|Any CPU
		{B4FFC9B1-919F-47DA-8029-813F52341383}.Ad-Hoc|x86.Build.0 = Release|Any CPU
		{B4FFC9B1-919F-47DA-8029-813F52341383}.AppStore|Any CPU.ActiveCfg = Release|Any CPU
		{B4FFC9B1-919F-47DA-8029-813F52341383}.AppStore|Any CPU.Build.0 = Release|Any CPU
		{B4FFC9B1-919F-47DA-8029-813F52341383}.AppStore|ARM.ActiveCfg = Release|Any CPU
		{B4FFC9B1-919F-47DA-8029-813F52341383}.AppStore|ARM.Build.0 = Release|Any CPU
		{B4FFC9B1-919F-47DA-8029-813F52341383}.AppStore|iPhone.ActiveCfg = Release|Any CPU
		{B4FFC9B1-919F-47DA-8029-813F52341383}.AppStore|iPhone.Build.0 = Release|Any CPU
		{B4FFC9B1-919F-47DA-8029-813F52341383}.AppStore|iPhoneSimulator.ActiveCfg = Release|Any CPU
		{B4FFC9B1-919F-47DA-8029-813F52341383}.AppStore|iPhoneSimulator.Build.0 = Release|Any CPU
		{B4FFC9B1-919F-47DA-8029-813F52341383}.AppStore|x64.ActiveCfg = Release|Any CPU
		{B4FFC9B1-919F-47DA-8029-813F52341383}.AppStore|x64.Build.0 = Release|Any CPU
		{B4FFC9B1-919F-47DA-8029-813F52341383}.AppStore|x86.ActiveCfg = Release|Any CPU
		{B4FFC9B1-919F-47DA-8029-813F52341383}.AppStore|x86.Build.0 = Release|Any CPU
		{B4FFC9B1-919F-47DA-8029-813F52341383}.Debug|Any CPU.ActiveCfg = Debug|Any CPU
		{B4FFC9B1-919F-47DA-8029-813F52341383}.Debug|Any CPU.Build.0 = Debug|Any CPU
		{B4FFC9B1-919F-47DA-8029-813F52341383}.Debug|ARM.ActiveCfg = Debug|Any CPU
		{B4FFC9B1-919F-47DA-8029-813F52341383}.Debug|ARM.Build.0 = Debug|Any CPU
		{B4FFC9B1-919F-47DA-8029-813F52341383}.Debug|iPhone.ActiveCfg = Debug|Any CPU
		{B4FFC9B1-919F-47DA-8029-813F52341383}.Debug|iPhone.Build.0 = Debug|Any CPU
		{B4FFC9B1-919F-47DA-8029-813F52341383}.Debug|iPhoneSimulator.ActiveCfg = Debug|Any CPU
		{B4FFC9B1-919F-47DA-8029-813F52341383}.Debug|iPhoneSimulator.Build.0 = Debug|Any CPU
		{B4FFC9B1-919F-47DA-8029-813F52341383}.Debug|x64.ActiveCfg = Debug|Any CPU
		{B4FFC9B1-919F-47DA-8029-813F52341383}.Debug|x64.Build.0 = Debug|Any CPU
		{B4FFC9B1-919F-47DA-8029-813F52341383}.Debug|x86.ActiveCfg = Debug|Any CPU
		{B4FFC9B1-919F-47DA-8029-813F52341383}.Debug|x86.Build.0 = Debug|Any CPU
		{B4FFC9B1-919F-47DA-8029-813F52341383}.Release|Any CPU.ActiveCfg = Release|Any CPU
		{B4FFC9B1-919F-47DA-8029-813F52341383}.Release|Any CPU.Build.0 = Release|Any CPU
		{B4FFC9B1-919F-47DA-8029-813F52341383}.Release|ARM.ActiveCfg = Release|Any CPU
		{B4FFC9B1-919F-47DA-8029-813F52341383}.Release|ARM.Build.0 = Release|Any CPU
		{B4FFC9B1-919F-47DA-8029-813F52341383}.Release|iPhone.ActiveCfg = Release|Any CPU
		{B4FFC9B1-919F-47DA-8029-813F52341383}.Release|iPhone.Build.0 = Release|Any CPU
		{B4FFC9B1-919F-47DA-8029-813F52341383}.Release|iPhoneSimulator.ActiveCfg = Release|Any CPU
		{B4FFC9B1-919F-47DA-8029-813F52341383}.Release|iPhoneSimulator.Build.0 = Release|Any CPU
		{B4FFC9B1-919F-47DA-8029-813F52341383}.Release|x64.ActiveCfg = Release|Any CPU
		{B4FFC9B1-919F-47DA-8029-813F52341383}.Release|x64.Build.0 = Release|Any CPU
		{B4FFC9B1-919F-47DA-8029-813F52341383}.Release|x86.ActiveCfg = Release|Any CPU
		{B4FFC9B1-919F-47DA-8029-813F52341383}.Release|x86.Build.0 = Release|Any CPU
		{F087EA68-59B4-4014-B725-A51382F025AE}.Ad-Hoc|Any CPU.ActiveCfg = Release|Any CPU
		{F087EA68-59B4-4014-B725-A51382F025AE}.Ad-Hoc|Any CPU.Build.0 = Release|Any CPU
		{F087EA68-59B4-4014-B725-A51382F025AE}.Ad-Hoc|ARM.ActiveCfg = Release|ARM
		{F087EA68-59B4-4014-B725-A51382F025AE}.Ad-Hoc|ARM.Build.0 = Release|ARM
		{F087EA68-59B4-4014-B725-A51382F025AE}.Ad-Hoc|iPhone.ActiveCfg = Release|Any CPU
		{F087EA68-59B4-4014-B725-A51382F025AE}.Ad-Hoc|iPhone.Build.0 = Release|Any CPU
		{F087EA68-59B4-4014-B725-A51382F025AE}.Ad-Hoc|iPhoneSimulator.ActiveCfg = Release|Any CPU
		{F087EA68-59B4-4014-B725-A51382F025AE}.Ad-Hoc|iPhoneSimulator.Build.0 = Release|Any CPU
		{F087EA68-59B4-4014-B725-A51382F025AE}.Ad-Hoc|x64.ActiveCfg = Release|x64
		{F087EA68-59B4-4014-B725-A51382F025AE}.Ad-Hoc|x64.Build.0 = Release|x64
		{F087EA68-59B4-4014-B725-A51382F025AE}.Ad-Hoc|x86.ActiveCfg = Release|x86
		{F087EA68-59B4-4014-B725-A51382F025AE}.Ad-Hoc|x86.Build.0 = Release|x86
		{F087EA68-59B4-4014-B725-A51382F025AE}.AppStore|Any CPU.ActiveCfg = Release|Any CPU
		{F087EA68-59B4-4014-B725-A51382F025AE}.AppStore|Any CPU.Build.0 = Release|Any CPU
		{F087EA68-59B4-4014-B725-A51382F025AE}.AppStore|ARM.ActiveCfg = Release|ARM
		{F087EA68-59B4-4014-B725-A51382F025AE}.AppStore|ARM.Build.0 = Release|ARM
		{F087EA68-59B4-4014-B725-A51382F025AE}.AppStore|iPhone.ActiveCfg = Release|Any CPU
		{F087EA68-59B4-4014-B725-A51382F025AE}.AppStore|iPhone.Build.0 = Release|Any CPU
		{F087EA68-59B4-4014-B725-A51382F025AE}.AppStore|iPhoneSimulator.ActiveCfg = Release|Any CPU
		{F087EA68-59B4-4014-B725-A51382F025AE}.AppStore|iPhoneSimulator.Build.0 = Release|Any CPU
		{F087EA68-59B4-4014-B725-A51382F025AE}.AppStore|x64.ActiveCfg = Release|x64
		{F087EA68-59B4-4014-B725-A51382F025AE}.AppStore|x64.Build.0 = Release|x64
		{F087EA68-59B4-4014-B725-A51382F025AE}.AppStore|x86.ActiveCfg = Release|x86
		{F087EA68-59B4-4014-B725-A51382F025AE}.AppStore|x86.Build.0 = Release|x86
		{F087EA68-59B4-4014-B725-A51382F025AE}.Debug|Any CPU.ActiveCfg = Debug|Any CPU
		{F087EA68-59B4-4014-B725-A51382F025AE}.Debug|Any CPU.Build.0 = Debug|Any CPU
		{F087EA68-59B4-4014-B725-A51382F025AE}.Debug|ARM.ActiveCfg = Debug|ARM
		{F087EA68-59B4-4014-B725-A51382F025AE}.Debug|ARM.Build.0 = Debug|ARM
		{F087EA68-59B4-4014-B725-A51382F025AE}.Debug|iPhone.ActiveCfg = Debug|Any CPU
		{F087EA68-59B4-4014-B725-A51382F025AE}.Debug|iPhone.Build.0 = Debug|Any CPU
		{F087EA68-59B4-4014-B725-A51382F025AE}.Debug|iPhoneSimulator.ActiveCfg = Debug|Any CPU
		{F087EA68-59B4-4014-B725-A51382F025AE}.Debug|iPhoneSimulator.Build.0 = Debug|Any CPU
		{F087EA68-59B4-4014-B725-A51382F025AE}.Debug|x64.ActiveCfg = Debug|x64
		{F087EA68-59B4-4014-B725-A51382F025AE}.Debug|x64.Build.0 = Debug|x64
		{F087EA68-59B4-4014-B725-A51382F025AE}.Debug|x86.ActiveCfg = Debug|x86
		{F087EA68-59B4-4014-B725-A51382F025AE}.Debug|x86.Build.0 = Debug|x86
		{F087EA68-59B4-4014-B725-A51382F025AE}.Release|Any CPU.ActiveCfg = Release|Any CPU
		{F087EA68-59B4-4014-B725-A51382F025AE}.Release|Any CPU.Build.0 = Release|Any CPU
		{F087EA68-59B4-4014-B725-A51382F025AE}.Release|ARM.ActiveCfg = Release|ARM
		{F087EA68-59B4-4014-B725-A51382F025AE}.Release|ARM.Build.0 = Release|ARM
		{F087EA68-59B4-4014-B725-A51382F025AE}.Release|iPhone.ActiveCfg = Release|Any CPU
		{F087EA68-59B4-4014-B725-A51382F025AE}.Release|iPhone.Build.0 = Release|Any CPU
		{F087EA68-59B4-4014-B725-A51382F025AE}.Release|iPhoneSimulator.ActiveCfg = Release|Any CPU
		{F087EA68-59B4-4014-B725-A51382F025AE}.Release|iPhoneSimulator.Build.0 = Release|Any CPU
		{F087EA68-59B4-4014-B725-A51382F025AE}.Release|x64.ActiveCfg = Release|x64
		{F087EA68-59B4-4014-B725-A51382F025AE}.Release|x64.Build.0 = Release|x64
		{F087EA68-59B4-4014-B725-A51382F025AE}.Release|x86.ActiveCfg = Release|x86
		{F087EA68-59B4-4014-B725-A51382F025AE}.Release|x86.Build.0 = Release|x86
	EndGlobalSection
	GlobalSection(SolutionProperties) = preSolution
		HideSolutionNode = FALSE
	EndGlobalSection
	GlobalSection(NestedProjects) = preSolution
		{3E3EE834-2B29-4F21-9584-B46A0E922323} = {F72F3827-E7E1-49C9-93FE-38EB06C3D3BA}
		{B4FFC9B1-919F-47DA-8029-813F52341383} = {F72F3827-E7E1-49C9-93FE-38EB06C3D3BA}
		{F087EA68-59B4-4014-B725-A51382F025AE} = {F72F3827-E7E1-49C9-93FE-38EB06C3D3BA}
	EndGlobalSection
	GlobalSection(ExtensibilityGlobals) = postSolution
		SolutionGuid = {A2B84ED3-93AB-4093-B0CE-F17B103F3AB2}
	EndGlobalSection
EndGlobal
